
Microsoft Visual Studio Solution File, Format Version 12.00
# Visual Studio Version 17
VisualStudioVersion = 17.0.31903.59
MinimumVisualStudioVersion = 10.0.40219.1
Project("{FAE04EC0-301F-11D3-BF4B-00C04F79EFBC}") = "LegalDocumentAssistant.Api", "LegalDocumentAssistant.Api\LegalDocumentAssistant.Api.csproj", "{6B16BC87-F9B4-5598-877C-D4328DE291EE}"
EndProject
Global
	GlobalSection(SolutionConfigurationPlatforms) = preSolution
		Debug|Any CPU = Debug|Any CPU
		Release|Any CPU = Release|Any CPU
	EndGlobalSection
	GlobalSection(ProjectConfigurationPlatforms) = postSolution
		{6B16BC87-F9B4-5598-877C-D4328DE291EE}.Debug|Any CPU.ActiveCfg = Debug|Any CPU
		{6B16BC87-F9B4-5598-877C-D4328DE291EE}.Debug|Any CPU.Build.0 = Debug|Any CPU
		{6B16BC87-F9B4-5598-877C-D4328DE291EE}.Release|Any CPU.ActiveCfg = Release|Any CPU
		{6B16BC87-F9B4-5598-877C-D4328DE291EE}.Release|Any CPU.Build.0 = Release|Any CPU
	EndGlobalSection
	GlobalSection(SolutionProperties) = preSolution
		HideSolutionNode = FALSE
	EndGlobalSection
EndGlobal
